// !$*UTF8*$!
{
	archiveVersion = 1;
	classes = {
	};
	objectVersion = 56;
	objects = {

/* Begin PBXBuildFile section */
		CE056EC82BB879CA004EC5EF /* IBANSwiftUIView.swift in Sources */ = {isa = PBXBuildFile; fileRef = CE056EC72BB879CA004EC5EF /* IBANSwiftUIView.swift */; };
		CE0AE0E52BE3B71000C9D3FB /* Nachricht.swift in Sources */ = {isa = PBXBuildFile; fileRef = CE0AE0E42BE3B71000C9D3FB /* Nachricht.swift */; };
		CE0AE0ED2BE3BF4200C9D3FB /* FirebaseAuth in Frameworks */ = {isa = PBXBuildFile; productRef = CE0AE0EC2BE3BF4200C9D3FB /* FirebaseAuth */; };
		CE0AE0EF2BE3BF4200C9D3FB /* FirebaseFirestore in Frameworks */ = {isa = PBXBuildFile; productRef = CE0AE0EE2BE3BF4200C9D3FB /* FirebaseFirestore */; };
		CE0AE0F12BE3C3D600C9D3FB /* AdminListView.swift in Sources */ = {isa = PBXBuildFile; fileRef = CE0AE0F02BE3C3D600C9D3FB /* AdminListView.swift */; };
		CE0AE0F32BE3C40F00C9D3FB /* AdminDetailView.swift in Sources */ = {isa = PBXBuildFile; fileRef = CE0AE0F22BE3C40F00C9D3FB /* AdminDetailView.swift */; };
		CE8C93342BB1CE1C008F9FB8 /* II_VersuchApp.swift in Sources */ = {isa = PBXBuildFile; fileRef = CE8C93332BB1CE1C008F9FB8 /* II_VersuchApp.swift */; };
		CE8C93362BB1CE1C008F9FB8 /* ContentView.swift in Sources */ = {isa = PBXBuildFile; fileRef = CE8C93352BB1CE1C008F9FB8 /* ContentView.swift */; };
		CE8C93382BB1CE1E008F9FB8 /* Assets.xcassets in Resources */ = {isa = PBXBuildFile; fileRef = CE8C93372BB1CE1E008F9FB8 /* Assets.xcassets */; };
		CE8C933B2BB1CE1E008F9FB8 /* Preview Assets.xcassets in Resources */ = {isa = PBXBuildFile; fileRef = CE8C933A2BB1CE1E008F9FB8 /* Preview Assets.xcassets */; };
		CE8C93752BB5984E008F9FB8 /* AddSwiftUIView.swift in Sources */ = {isa = PBXBuildFile; fileRef = CE8C93742BB5984E008F9FB8 /* AddSwiftUIView.swift */; };
		CE8C93762BB59D0A008F9FB8 /* HomeMenü.swift in Sources */ = {isa = PBXBuildFile; fileRef = CE8C93412BB1CE83008F9FB8 /* HomeMenü.swift */; };
		CE8C937A2BB5C609008F9FB8 /* N26SwiftUIView.swift in Sources */ = {isa = PBXBuildFile; fileRef = CE8C93792BB5C609008F9FB8 /* N26SwiftUIView.swift */; };
		CE9249792BC16C13000DC412 /* UberweisungSwiftUIView.swift in Sources */ = {isa = PBXBuildFile; fileRef = CE9249782BC16C13000DC412 /* UberweisungSwiftUIView.swift */; };
		CE92497C2BC17888000DC412 /* JA:NeinSwiftUIView.swift in Sources */ = {isa = PBXBuildFile; fileRef = CE92497B2BC17888000DC412 /* JA:NeinSwiftUIView.swift */; };
		CE92497E2BC178E8000DC412 /* Uberweisen.Neue.PersonSwiftUIView.swift in Sources */ = {isa = PBXBuildFile; fileRef = CE92497D2BC178E8000DC412 /* Uberweisen.Neue.PersonSwiftUIView.swift */; };
		CEBDDF592BD50F760086A714 /* InnAppImageSwiftUIView.swift in Sources */ = {isa = PBXBuildFile; fileRef = CEBDDF582BD50F760086A714 /* InnAppImageSwiftUIView.swift */; };
		CED8CE0C2BC949C500CE2E60 /* Layout.VorlageSwiftUIView.swift in Sources */ = {isa = PBXBuildFile; fileRef = CED8CE0B2BC949C500CE2E60 /* Layout.VorlageSwiftUIView.swift */; };
		CEE19CA32BDD310A0066E471 /* LoginViewSwiftUIView.swift in Sources */ = {isa = PBXBuildFile; fileRef = CEE19CA22BDD310A0066E471 /* LoginViewSwiftUIView.swift */; };
		CEE19CA52BDD35370066E471 /* InputView.swift in Sources */ = {isa = PBXBuildFile; fileRef = CEE19CA42BDD35370066E471 /* InputView.swift */; };
		CEE19CA72BDD3E960066E471 /* RegistrierenView.swift in Sources */ = {isa = PBXBuildFile; fileRef = CEE19CA62BDD3E960066E471 /* RegistrierenView.swift */; };
		CEE19CA92BDE8DC60066E471 /* ProfileView.swift in Sources */ = {isa = PBXBuildFile; fileRef = CEE19CA82BDE8DC60066E471 /* ProfileView.swift */; };
		CEE19CAB2BDE91D30066E471 /* SettingRowView.swift in Sources */ = {isa = PBXBuildFile; fileRef = CEE19CAA2BDE91D30066E471 /* SettingRowView.swift */; };
		CEE19CAD2BDE98940066E471 /* User.swift in Sources */ = {isa = PBXBuildFile; fileRef = CEE19CAC2BDE98940066E471 /* User.swift */; };
		CEE19CAF2BDEA2CB0066E471 /* GoogleService-Info.plist in Resources */ = {isa = PBXBuildFile; fileRef = CEE19CAE2BDEA2CB0066E471 /* GoogleService-Info.plist */; };
		CEE19CBC2BDEA9810066E471 /* AuthViewModel.swift in Sources */ = {isa = PBXBuildFile; fileRef = CEE19CBB2BDEA9810066E471 /* AuthViewModel.swift */; };
		CEE19CBE2BE239AE0066E471 /* LoginVIew.swift in Sources */ = {isa = PBXBuildFile; fileRef = CEE19CBD2BE239AE0066E471 /* LoginVIew.swift */; };
/* End PBXBuildFile section */

/* Begin PBXFileReference section */
		CE056EC72BB879CA004EC5EF /* IBANSwiftUIView.swift */ = {isa = PBXFileReference; lastKnownFileType = sourcecode.swift; path = IBANSwiftUIView.swift; sourceTree = "<group>"; };
		CE0AE0E42BE3B71000C9D3FB /* Nachricht.swift */ = {isa = PBXFileReference; lastKnownFileType = sourcecode.swift; path = Nachricht.swift; sourceTree = "<group>"; };
		CE0AE0F02BE3C3D600C9D3FB /* AdminListView.swift */ = {isa = PBXFileReference; lastKnownFileType = sourcecode.swift; path = AdminListView.swift; sourceTree = "<group>"; };
		CE0AE0F22BE3C40F00C9D3FB /* AdminDetailView.swift */ = {isa = PBXFileReference; lastKnownFileType = sourcecode.swift; path = AdminDetailView.swift; sourceTree = "<group>"; };
		CE8C93302BB1CE1C008F9FB8 /* II-Versuch.app */ = {isa = PBXFileReference; explicitFileType = wrapper.application; includeInIndex = 0; path = "II-Versuch.app"; sourceTree = BUILT_PRODUCTS_DIR; };
		CE8C93332BB1CE1C008F9FB8 /* II_VersuchApp.swift */ = {isa = PBXFileReference; lastKnownFileType = sourcecode.swift; path = II_VersuchApp.swift; sourceTree = "<group>"; };
		CE8C93352BB1CE1C008F9FB8 /* ContentView.swift */ = {isa = PBXFileReference; lastKnownFileType = sourcecode.swift; path = ContentView.swift; sourceTree = "<group>"; };
		CE8C93372BB1CE1E008F9FB8 /* Assets.xcassets */ = {isa = PBXFileReference; lastKnownFileType = folder.assetcatalog; path = Assets.xcassets; sourceTree = "<group>"; };
		CE8C933A2BB1CE1E008F9FB8 /* Preview Assets.xcassets */ = {isa = PBXFileReference; lastKnownFileType = folder.assetcatalog; path = "Preview Assets.xcassets"; sourceTree = "<group>"; };
		CE8C93412BB1CE83008F9FB8 /* HomeMenü.swift */ = {isa = PBXFileReference; lastKnownFileType = sourcecode.swift; path = "HomeMenü.swift"; sourceTree = "<group>"; };
		CE8C93742BB5984E008F9FB8 /* AddSwiftUIView.swift */ = {isa = PBXFileReference; lastKnownFileType = sourcecode.swift; path = AddSwiftUIView.swift; sourceTree = "<group>"; };
		CE8C93792BB5C609008F9FB8 /* N26SwiftUIView.swift */ = {isa = PBXFileReference; lastKnownFileType = sourcecode.swift; path = N26SwiftUIView.swift; sourceTree = "<group>"; };
		CE9249782BC16C13000DC412 /* UberweisungSwiftUIView.swift */ = {isa = PBXFileReference; lastKnownFileType = sourcecode.swift; path = UberweisungSwiftUIView.swift; sourceTree = "<group>"; };
		CE92497B2BC17888000DC412 /* JA:NeinSwiftUIView.swift */ = {isa = PBXFileReference; lastKnownFileType = sourcecode.swift; path = "JA:NeinSwiftUIView.swift"; sourceTree = "<group>"; };
		CE92497D2BC178E8000DC412 /* Uberweisen.Neue.PersonSwiftUIView.swift */ = {isa = PBXFileReference; lastKnownFileType = sourcecode.swift; path = Uberweisen.Neue.PersonSwiftUIView.swift; sourceTree = "<group>"; };
		CEBDDF582BD50F760086A714 /* InnAppImageSwiftUIView.swift */ = {isa = PBXFileReference; lastKnownFileType = sourcecode.swift; path = InnAppImageSwiftUIView.swift; sourceTree = "<group>"; };
		CED8CE0B2BC949C500CE2E60 /* Layout.VorlageSwiftUIView.swift */ = {isa = PBXFileReference; lastKnownFileType = sourcecode.swift; path = Layout.VorlageSwiftUIView.swift; sourceTree = "<group>"; };
		CEE19CA22BDD310A0066E471 /* LoginViewSwiftUIView.swift */ = {isa = PBXFileReference; lastKnownFileType = sourcecode.swift; path = LoginViewSwiftUIView.swift; sourceTree = "<group>"; };
		CEE19CA42BDD35370066E471 /* InputView.swift */ = {isa = PBXFileReference; lastKnownFileType = sourcecode.swift; path = InputView.swift; sourceTree = "<group>"; };
		CEE19CA62BDD3E960066E471 /* RegistrierenView.swift */ = {isa = PBXFileReference; lastKnownFileType = sourcecode.swift; path = RegistrierenView.swift; sourceTree = "<group>"; };
		CEE19CA82BDE8DC60066E471 /* ProfileView.swift */ = {isa = PBXFileReference; lastKnownFileType = sourcecode.swift; path = ProfileView.swift; sourceTree = "<group>"; };
		CEE19CAA2BDE91D30066E471 /* SettingRowView.swift */ = {isa = PBXFileReference; lastKnownFileType = sourcecode.swift; path = SettingRowView.swift; sourceTree = "<group>"; };
		CEE19CAC2BDE98940066E471 /* User.swift */ = {isa = PBXFileReference; lastKnownFileType = sourcecode.swift; path = User.swift; sourceTree = "<group>"; };
		CEE19CAE2BDEA2CB0066E471 /* GoogleService-Info.plist */ = {isa = PBXFileReference; fileEncoding = 4; lastKnownFileType = text.plist.xml; path = "GoogleService-Info.plist"; sourceTree = SOURCE_ROOT; };
		CEE19CBB2BDEA9810066E471 /* AuthViewModel.swift */ = {isa = PBXFileReference; lastKnownFileType = sourcecode.swift; path = AuthViewModel.swift; sourceTree = "<group>"; };
		CEE19CBD2BE239AE0066E471 /* LoginVIew.swift */ = {isa = PBXFileReference; lastKnownFileType = sourcecode.swift; path = LoginVIew.swift; sourceTree = "<group>"; };
/* End PBXFileReference section */

/* Begin PBXFrameworksBuildPhase section */
		CE8C932D2BB1CE1C008F9FB8 /* Frameworks */ = {
			isa = PBXFrameworksBuildPhase;
			buildActionMask = 2147483647;
			files = (
				CE0AE0ED2BE3BF4200C9D3FB /* FirebaseAuth in Frameworks */,
				CE0AE0EF2BE3BF4200C9D3FB /* FirebaseFirestore in Frameworks */,
			);
			runOnlyForDeploymentPostprocessing = 0;
		};
/* End PBXFrameworksBuildPhase section */

/* Begin PBXGroup section */
		CE056EC92BB87A02004EC5EF /* N26 Anleitungen */ = {
			isa = PBXGroup;
			children = (
				CE056EC72BB879CA004EC5EF /* IBANSwiftUIView.swift */,
				CE9249782BC16C13000DC412 /* UberweisungSwiftUIView.swift */,
				CE92497B2BC17888000DC412 /* JA:NeinSwiftUIView.swift */,
				CE92497D2BC178E8000DC412 /* Uberweisen.Neue.PersonSwiftUIView.swift */,
			);
			path = "N26 Anleitungen";
			sourceTree = "<group>";
		};
		CE8C93272BB1CE1C008F9FB8 = {
			isa = PBXGroup;
			children = (
				CE8C93322BB1CE1C008F9FB8 /* II-Versuch */,
				CE8C93312BB1CE1C008F9FB8 /* Products */,
			);
			sourceTree = "<group>";
		};
		CE8C93312BB1CE1C008F9FB8 /* Products */ = {
			isa = PBXGroup;
			children = (
				CE8C93302BB1CE1C008F9FB8 /* II-Versuch.app */,
			);
			name = Products;
			sourceTree = "<group>";
		};
		CE8C93322BB1CE1C008F9FB8 /* II-Versuch */ = {
			isa = PBXGroup;
			children = (
				CEE19C9C2BDD2F630066E471 /* Login */,
				CE8C93332BB1CE1C008F9FB8 /* II_VersuchApp.swift */,
				CE8C93352BB1CE1C008F9FB8 /* ContentView.swift */,
				CE8C93742BB5984E008F9FB8 /* AddSwiftUIView.swift */,
				CE0AE0F02BE3C3D600C9D3FB /* AdminListView.swift */,
				CE0AE0F22BE3C40F00C9D3FB /* AdminDetailView.swift */,
				CE0AE0E42BE3B71000C9D3FB /* Nachricht.swift */,
				CE8C93412BB1CE83008F9FB8 /* HomeMenü.swift */,
				CE8C93792BB5C609008F9FB8 /* N26SwiftUIView.swift */,
				CED8CE0F2BC9722700CE2E60 /* Vorlagen */,
				CE056EC92BB87A02004EC5EF /* N26 Anleitungen */,
				CE8C93372BB1CE1E008F9FB8 /* Assets.xcassets */,
				CEE19CAE2BDEA2CB0066E471 /* GoogleService-Info.plist */,
				CE8C93392BB1CE1E008F9FB8 /* Preview Content */,
			);
			path = "II-Versuch";
			sourceTree = "<group>";
		};
		CE8C93392BB1CE1E008F9FB8 /* Preview Content */ = {
			isa = PBXGroup;
			children = (
				CE8C933A2BB1CE1E008F9FB8 /* Preview Assets.xcassets */,
			);
			path = "Preview Content";
			sourceTree = "<group>";
		};
		CED8CE0F2BC9722700CE2E60 /* Vorlagen */ = {
			isa = PBXGroup;
			children = (
				CEBDDF582BD50F760086A714 /* InnAppImageSwiftUIView.swift */,
				CED8CE0B2BC949C500CE2E60 /* Layout.VorlageSwiftUIView.swift */,
			);
			path = Vorlagen;
			sourceTree = "<group>";
		};
		CEE19C992BDD2F350066E471 /* Model */ = {
			isa = PBXGroup;
			children = (
				CEE19CAC2BDE98940066E471 /* User.swift */,
			);
			path = Model;
			sourceTree = "<group>";
		};
		CEE19C9A2BDD2F470066E471 /* Core */ = {
			isa = PBXGroup;
			children = (
				CEE19C9E2BDD30520066E471 /* Authentication */,
				CEE19C9F2BDD30660066E471 /* Profile */,
				CEE19C9D2BDD30440066E471 /* Root */,
			);
			path = Core;
			sourceTree = "<group>";
		};
		CEE19C9B2BDD2F4A0066E471 /* Components */ = {
			isa = PBXGroup;
			children = (
				CEE19CA42BDD35370066E471 /* InputView.swift */,
				CEE19CAA2BDE91D30066E471 /* SettingRowView.swift */,
			);
			path = Components;
			sourceTree = "<group>";
		};
		CEE19C9C2BDD2F630066E471 /* Login */ = {
			isa = PBXGroup;
			children = (
				CEE19CBD2BE239AE0066E471 /* LoginVIew.swift */,
				CEE19C9B2BDD2F4A0066E471 /* Components */,
				CEE19C9A2BDD2F470066E471 /* Core */,
				CEE19C992BDD2F350066E471 /* Model */,
			);
			path = Login;
			sourceTree = "<group>";
		};
		CEE19C9D2BDD30440066E471 /* Root */ = {
			isa = PBXGroup;
			children = (
			);
			path = Root;
			sourceTree = "<group>";
		};
		CEE19C9E2BDD30520066E471 /* Authentication */ = {
			isa = PBXGroup;
			children = (
				CEE19CA22BDD310A0066E471 /* LoginViewSwiftUIView.swift */,
				CEE19CA62BDD3E960066E471 /* RegistrierenView.swift */,
				CEE19CBA2BDEA87F0066E471 /* ViewModel */,
			);
			path = Authentication;
			sourceTree = "<group>";
		};
		CEE19C9F2BDD30660066E471 /* Profile */ = {
			isa = PBXGroup;
			children = (
				CEE19CA82BDE8DC60066E471 /* ProfileView.swift */,
			);
			path = Profile;
			sourceTree = "<group>";
		};
		CEE19CBA2BDEA87F0066E471 /* ViewModel */ = {
			isa = PBXGroup;
			children = (
				CEE19CBB2BDEA9810066E471 /* AuthViewModel.swift */,
			);
			path = ViewModel;
			sourceTree = "<group>";
		};
/* End PBXGroup section */

/* Begin PBXNativeTarget section */
		CE8C932F2BB1CE1C008F9FB8 /* II-Versuch */ = {
			isa = PBXNativeTarget;
			buildConfigurationList = CE8C933E2BB1CE1E008F9FB8 /* Build configuration list for PBXNativeTarget "II-Versuch" */;
			buildPhases = (
				CE8C932C2BB1CE1C008F9FB8 /* Sources */,
				CE8C932D2BB1CE1C008F9FB8 /* Frameworks */,
				CE8C932E2BB1CE1C008F9FB8 /* Resources */,
			);
			buildRules = (
			);
			dependencies = (
			);
			name = "II-Versuch";
			packageProductDependencies = (
				CE0AE0EC2BE3BF4200C9D3FB /* FirebaseAuth */,
				CE0AE0EE2BE3BF4200C9D3FB /* FirebaseFirestore */,
			);
			productName = "II-Versuch";
			productReference = CE8C93302BB1CE1C008F9FB8 /* II-Versuch.app */;
			productType = "com.apple.product-type.application";
		};
/* End PBXNativeTarget section */

/* Begin PBXProject section */
		CE8C93282BB1CE1C008F9FB8 /* Project object */ = {
			isa = PBXProject;
			attributes = {
				BuildIndependentTargetsInParallel = 1;
				LastSwiftUpdateCheck = 1530;
				LastUpgradeCheck = 1530;
				TargetAttributes = {
					CE8C932F2BB1CE1C008F9FB8 = {
						CreatedOnToolsVersion = 15.3;
					};
				};
			};
			buildConfigurationList = CE8C932B2BB1CE1C008F9FB8 /* Build configuration list for PBXProject "II-Versuch" */;
			compatibilityVersion = "Xcode 14.0";
			developmentRegion = en;
			hasScannedForEncodings = 0;
			knownRegions = (
				en,
				Base,
			);
			mainGroup = CE8C93272BB1CE1C008F9FB8;
			packageReferences = (
				CE0AE0EB2BE3BF4200C9D3FB /* XCRemoteSwiftPackageReference "firebase-ios-sdk" */,
			);
			productRefGroup = CE8C93312BB1CE1C008F9FB8 /* Products */;
			projectDirPath = "";
			projectRoot = "";
			targets = (
				CE8C932F2BB1CE1C008F9FB8 /* II-Versuch */,
			);
		};
/* End PBXProject section */

/* Begin PBXResourcesBuildPhase section */
		CE8C932E2BB1CE1C008F9FB8 /* Resources */ = {
			isa = PBXResourcesBuildPhase;
			buildActionMask = 2147483647;
			files = (
				CE8C933B2BB1CE1E008F9FB8 /* Preview Assets.xcassets in Resources */,
				CE8C93382BB1CE1E008F9FB8 /* Assets.xcassets in Resources */,
				CEE19CAF2BDEA2CB0066E471 /* GoogleService-Info.plist in Resources */,
			);
			runOnlyForDeploymentPostprocessing = 0;
		};
/* End PBXResourcesBuildPhase section */

/* Begin PBXSourcesBuildPhase section */
		CE8C932C2BB1CE1C008F9FB8 /* Sources */ = {
			isa = PBXSourcesBuildPhase;
			buildActionMask = 2147483647;
			files = (
				CE8C93362BB1CE1C008F9FB8 /* ContentView.swift in Sources */,
				CEE19CAB2BDE91D30066E471 /* SettingRowView.swift in Sources */,
				CEE19CA52BDD35370066E471 /* InputView.swift in Sources */,
				CE8C93762BB59D0A008F9FB8 /* HomeMenü.swift in Sources */,
				CE8C93752BB5984E008F9FB8 /* AddSwiftUIView.swift in Sources */,
				CE92497C2BC17888000DC412 /* JA:NeinSwiftUIView.swift in Sources */,
				CEE19CBC2BDEA9810066E471 /* AuthViewModel.swift in Sources */,
				CE0AE0F32BE3C40F00C9D3FB /* AdminDetailView.swift in Sources */,
				CE92497E2BC178E8000DC412 /* Uberweisen.Neue.PersonSwiftUIView.swift in Sources */,
				CEBDDF592BD50F760086A714 /* InnAppImageSwiftUIView.swift in Sources */,
				CEE19CA92BDE8DC60066E471 /* ProfileView.swift in Sources */,
				CE8C93342BB1CE1C008F9FB8 /* II_VersuchApp.swift in Sources */,
				CE056EC82BB879CA004EC5EF /* IBANSwiftUIView.swift in Sources */,
				CEE19CA32BDD310A0066E471 /* LoginViewSwiftUIView.swift in Sources */,
				CED8CE0C2BC949C500CE2E60 /* Layout.VorlageSwiftUIView.swift in Sources */,
				CEE19CAD2BDE98940066E471 /* User.swift in Sources */,
				CEE19CA72BDD3E960066E471 /* RegistrierenView.swift in Sources */,
				CE8C937A2BB5C609008F9FB8 /* N26SwiftUIView.swift in Sources */,
				CEE19CBE2BE239AE0066E471 /* LoginVIew.swift in Sources */,
				CE0AE0E52BE3B71000C9D3FB /* Nachricht.swift in Sources */,
				CE9249792BC16C13000DC412 /* UberweisungSwiftUIView.swift in Sources */,
				CE0AE0F12BE3C3D600C9D3FB /* AdminListView.swift in Sources */,
			);
			runOnlyForDeploymentPostprocessing = 0;
		};
/* End PBXSourcesBuildPhase section */

/* Begin XCBuildConfiguration section */
		CE8C933C2BB1CE1E008F9FB8 /* Debug */ = {
			isa = XCBuildConfiguration;
			buildSettings = {
				ALWAYS_SEARCH_USER_PATHS = NO;
				ASSETCATALOG_COMPILER_GENERATE_SWIFT_ASSET_SYMBOL_EXTENSIONS = YES;
				CLANG_ANALYZER_NONNULL = YES;
				CLANG_ANALYZER_NUMBER_OBJECT_CONVERSION = YES_AGGRESSIVE;
				CLANG_CXX_LANGUAGE_STANDARD = "gnu++20";
				CLANG_ENABLE_MODULES = YES;
				CLANG_ENABLE_OBJC_ARC = YES;
				CLANG_ENABLE_OBJC_WEAK = YES;
				CLANG_WARN_BLOCK_CAPTURE_AUTORELEASING = YES;
				CLANG_WARN_BOOL_CONVERSION = YES;
				CLANG_WARN_COMMA = YES;
				CLANG_WARN_CONSTANT_CONVERSION = YES;
				CLANG_WARN_DEPRECATED_OBJC_IMPLEMENTATIONS = YES;
				CLANG_WARN_DIRECT_OBJC_ISA_USAGE = YES_ERROR;
				CLANG_WARN_DOCUMENTATION_COMMENTS = YES;
				CLANG_WARN_EMPTY_BODY = YES;
				CLANG_WARN_ENUM_CONVERSION = YES;
				CLANG_WARN_INFINITE_RECURSION = YES;
				CLANG_WARN_INT_CONVERSION = YES;
				CLANG_WARN_NON_LITERAL_NULL_CONVERSION = YES;
				CLANG_WARN_OBJC_IMPLICIT_RETAIN_SELF = YES;
				CLANG_WARN_OBJC_LITERAL_CONVERSION = YES;
				CLANG_WARN_OBJC_ROOT_CLASS = YES_ERROR;
				CLANG_WARN_QUOTED_INCLUDE_IN_FRAMEWORK_HEADER = YES;
				CLANG_WARN_RANGE_LOOP_ANALYSIS = YES;
				CLANG_WARN_STRICT_PROTOTYPES = YES;
				CLANG_WARN_SUSPICIOUS_MOVE = YES;
				CLANG_WARN_UNGUARDED_AVAILABILITY = YES_AGGRESSIVE;
				CLANG_WARN_UNREACHABLE_CODE = YES;
				CLANG_WARN__DUPLICATE_METHOD_MATCH = YES;
				COPY_PHASE_STRIP = NO;
				DEBUG_INFORMATION_FORMAT = dwarf;
				ENABLE_STRICT_OBJC_MSGSEND = YES;
				ENABLE_TESTABILITY = YES;
				ENABLE_USER_SCRIPT_SANDBOXING = YES;
				GCC_C_LANGUAGE_STANDARD = gnu17;
				GCC_DYNAMIC_NO_PIC = NO;
				GCC_NO_COMMON_BLOCKS = YES;
				GCC_OPTIMIZATION_LEVEL = 0;
				GCC_PREPROCESSOR_DEFINITIONS = (
					"DEBUG=1",
					"$(inherited)",
				);
				GCC_WARN_64_TO_32_BIT_CONVERSION = YES;
				GCC_WARN_ABOUT_RETURN_TYPE = YES_ERROR;
				GCC_WARN_UNDECLARED_SELECTOR = YES;
				GCC_WARN_UNINITIALIZED_AUTOS = YES_AGGRESSIVE;
				GCC_WARN_UNUSED_FUNCTION = YES;
				GCC_WARN_UNUSED_VARIABLE = YES;
				IPHONEOS_DEPLOYMENT_TARGET = 17.4;
				LOCALIZATION_PREFERS_STRING_CATALOGS = YES;
				MTL_ENABLE_DEBUG_INFO = INCLUDE_SOURCE;
				MTL_FAST_MATH = YES;
				ONLY_ACTIVE_ARCH = YES;
				SDKROOT = iphoneos;
				SWIFT_ACTIVE_COMPILATION_CONDITIONS = "DEBUG $(inherited)";
				SWIFT_OPTIMIZATION_LEVEL = "-Onone";
			};
			name = Debug;
		};
		CE8C933D2BB1CE1E008F9FB8 /* Release */ = {
			isa = XCBuildConfiguration;
			buildSettings = {
				ALWAYS_SEARCH_USER_PATHS = NO;
				ASSETCATALOG_COMPILER_GENERATE_SWIFT_ASSET_SYMBOL_EXTENSIONS = YES;
				CLANG_ANALYZER_NONNULL = YES;
				CLANG_ANALYZER_NUMBER_OBJECT_CONVERSION = YES_AGGRESSIVE;
				CLANG_CXX_LANGUAGE_STANDARD = "gnu++20";
				CLANG_ENABLE_MODULES = YES;
				CLANG_ENABLE_OBJC_ARC = YES;
				CLANG_ENABLE_OBJC_WEAK = YES;
				CLANG_WARN_BLOCK_CAPTURE_AUTORELEASING = YES;
				CLANG_WARN_BOOL_CONVERSION = YES;
				CLANG_WARN_COMMA = YES;
				CLANG_WARN_CONSTANT_CONVERSION = YES;
				CLANG_WARN_DEPRECATED_OBJC_IMPLEMENTATIONS = YES;
				CLANG_WARN_DIRECT_OBJC_ISA_USAGE = YES_ERROR;
				CLANG_WARN_DOCUMENTATION_COMMENTS = YES;
				CLANG_WARN_EMPTY_BODY = YES;
				CLANG_WARN_ENUM_CONVERSION = YES;
				CLANG_WARN_INFINITE_RECURSION = YES;
				CLANG_WARN_INT_CONVERSION = YES;
				CLANG_WARN_NON_LITERAL_NULL_CONVERSION = YES;
				CLANG_WARN_OBJC_IMPLICIT_RETAIN_SELF = YES;
				CLANG_WARN_OBJC_LITERAL_CONVERSION = YES;
				CLANG_WARN_OBJC_ROOT_CLASS = YES_ERROR;
				CLANG_WARN_QUOTED_INCLUDE_IN_FRAMEWORK_HEADER = YES;
				CLANG_WARN_RANGE_LOOP_ANALYSIS = YES;
				CLANG_WARN_STRICT_PROTOTYPES = YES;
				CLANG_WARN_SUSPICIOUS_MOVE = YES;
				CLANG_WARN_UNGUARDED_AVAILABILITY = YES_AGGRESSIVE;
				CLANG_WARN_UNREACHABLE_CODE = YES;
				CLANG_WARN__DUPLICATE_METHOD_MATCH = YES;
				COPY_PHASE_STRIP = NO;
				DEBUG_INFORMATION_FORMAT = "dwarf-with-dsym";
				ENABLE_NS_ASSERTIONS = NO;
				ENABLE_STRICT_OBJC_MSGSEND = YES;
				ENABLE_USER_SCRIPT_SANDBOXING = YES;
				GCC_C_LANGUAGE_STANDARD = gnu17;
				GCC_NO_COMMON_BLOCKS = YES;
				GCC_WARN_64_TO_32_BIT_CONVERSION = YES;
				GCC_WARN_ABOUT_RETURN_TYPE = YES_ERROR;
				GCC_WARN_UNDECLARED_SELECTOR = YES;
				GCC_WARN_UNINITIALIZED_AUTOS = YES_AGGRESSIVE;
				GCC_WARN_UNUSED_FUNCTION = YES;
				GCC_WARN_UNUSED_VARIABLE = YES;
				IPHONEOS_DEPLOYMENT_TARGET = 17.4;
				LOCALIZATION_PREFERS_STRING_CATALOGS = YES;
				MTL_ENABLE_DEBUG_INFO = NO;
				MTL_FAST_MATH = YES;
				SDKROOT = iphoneos;
				SWIFT_COMPILATION_MODE = wholemodule;
				VALIDATE_PRODUCT = YES;
			};
			name = Release;
		};
		CE8C933F2BB1CE1E008F9FB8 /* Debug */ = {
			isa = XCBuildConfiguration;
			buildSettings = {
				ASSETCATALOG_COMPILER_APPICON_NAME = AppIcon;
				ASSETCATALOG_COMPILER_GLOBAL_ACCENT_COLOR_NAME = AccentColor;
				CODE_SIGN_STYLE = Automatic;
				CURRENT_PROJECT_VERSION = 1;
				DEVELOPMENT_ASSET_PATHS = "\"II-Versuch/Preview Content\"";
				DEVELOPMENT_TEAM = 83SXTC8MR2;
				ENABLE_PREVIEWS = YES;
				GENERATE_INFOPLIST_FILE = YES;
				INFOPLIST_KEY_UIApplicationSceneManifest_Generation = YES;
				INFOPLIST_KEY_UIApplicationSupportsIndirectInputEvents = YES;
				INFOPLIST_KEY_UILaunchScreen_Generation = YES;
				INFOPLIST_KEY_UISupportedInterfaceOrientations_iPad = "UIInterfaceOrientationPortrait UIInterfaceOrientationPortraitUpsideDown UIInterfaceOrientationLandscapeLeft UIInterfaceOrientationLandscapeRight";
				INFOPLIST_KEY_UISupportedInterfaceOrientations_iPhone = "UIInterfaceOrientationPortrait UIInterfaceOrientationLandscapeLeft UIInterfaceOrientationLandscapeRight";
				LD_RUNPATH_SEARCH_PATHS = (
					"$(inherited)",
					"@executable_path/Frameworks",
				);
				MARKETING_VERSION = 1.0;
				PRODUCT_BUNDLE_IDENTIFIER = "com.ios.II-Versuch";
				PRODUCT_NAME = "$(TARGET_NAME)";
				SWIFT_EMIT_LOC_STRINGS = YES;
				SWIFT_VERSION = 5.0;
				TARGETED_DEVICE_FAMILY = "1,2";
			};
			name = Debug;
		};
		CE8C93402BB1CE1E008F9FB8 /* Release */ = {
			isa = XCBuildConfiguration;
			buildSettings = {
				ASSETCATALOG_COMPILER_APPICON_NAME = AppIcon;
				ASSETCATALOG_COMPILER_GLOBAL_ACCENT_COLOR_NAME = AccentColor;
				CODE_SIGN_STYLE = Automatic;
				CURRENT_PROJECT_VERSION = 1;
				DEVELOPMENT_ASSET_PATHS = "\"II-Versuch/Preview Content\"";
				DEVELOPMENT_TEAM = 83SXTC8MR2;
				ENABLE_PREVIEWS = YES;
				GENERATE_INFOPLIST_FILE = YES;
				INFOPLIST_KEY_UIApplicationSceneManifest_Generation = YES;
				INFOPLIST_KEY_UIApplicationSupportsIndirectInputEvents = YES;
				INFOPLIST_KEY_UILaunchScreen_Generation = YES;
				INFOPLIST_KEY_UISupportedInterfaceOrientations_iPad = "UIInterfaceOrientationPortrait UIInterfaceOrientationPortraitUpsideDown UIInterfaceOrientationLandscapeLeft UIInterfaceOrientationLandscapeRight";
				INFOPLIST_KEY_UISupportedInterfaceOrientations_iPhone = "UIInterfaceOrientationPortrait UIInterfaceOrientationLandscapeLeft UIInterfaceOrientationLandscapeRight";
				LD_RUNPATH_SEARCH_PATHS = (
					"$(inherited)",
					"@executable_path/Frameworks",
				);
				MARKETING_VERSION = 1.0;
				PRODUCT_BUNDLE_IDENTIFIER = "com.ios.II-Versuch";
				PRODUCT_NAME = "$(TARGET_NAME)";
				SWIFT_EMIT_LOC_STRINGS = YES;
				SWIFT_VERSION = 5.0;
				TARGETED_DEVICE_FAMILY = "1,2";
			};
			name = Release;
		};
/* End XCBuildConfiguration section */

/* Begin XCConfigurationList section */
		CE8C932B2BB1CE1C008F9FB8 /* Build configuration list for PBXProject "II-Versuch" */ = {
			isa = XCConfigurationList;
			buildConfigurations = (
				CE8C933C2BB1CE1E008F9FB8 /* Debug */,
				CE8C933D2BB1CE1E008F9FB8 /* Release */,
			);
			defaultConfigurationIsVisible = 0;
			defaultConfigurationName = Release;
		};
		CE8C933E2BB1CE1E008F9FB8 /* Build configuration list for PBXNativeTarget "II-Versuch" */ = {
			isa = XCConfigurationList;
			buildConfigurations = (
				CE8C933F2BB1CE1E008F9FB8 /* Debug */,
				CE8C93402BB1CE1E008F9FB8 /* Release */,
			);
			defaultConfigurationIsVisible = 0;
			defaultConfigurationName = Release;
		};
/* End XCConfigurationList section */

/* Begin XCRemoteSwiftPackageReference section */
		CE0AE0EB2BE3BF4200C9D3FB /* XCRemoteSwiftPackageReference "firebase-ios-sdk" */ = {
			isa = XCRemoteSwiftPackageReference;
			repositoryURL = "https://github.com/firebase/firebase-ios-sdk";
			requirement = {
				kind = upToNextMajorVersion;
				minimumVersion = 10.25.0;
			};
		};
/* End XCRemoteSwiftPackageReference section */

/* Begin XCSwiftPackageProductDependency section */
		CE0AE0EC2BE3BF4200C9D3FB /* FirebaseAuth */ = {
			isa = XCSwiftPackageProductDependency;
			package = CE0AE0EB2BE3BF4200C9D3FB /* XCRemoteSwiftPackageReference "firebase-ios-sdk" */;
			productName = FirebaseAuth;
		};
		CE0AE0EE2BE3BF4200C9D3FB /* FirebaseFirestore */ = {
			isa = XCSwiftPackageProductDependency;
			package = CE0AE0EB2BE3BF4200C9D3FB /* XCRemoteSwiftPackageReference "firebase-ios-sdk" */;
			productName = FirebaseFirestore;
		};
/* End XCSwiftPackageProductDependency section */
	};
	rootObject = CE8C93282BB1CE1C008F9FB8 /* Project object */;
}
